{
  "name": "recobid",
  "version": "0.1.0",
  "lockfileVersion": 3,
  "requires": true,
  "packages": {
    "": {
      "name": "recobid",
      "version": "0.1.0",
      "workspaces": [
        "apps/web",
        "apps/backend",
        "packages/shared"
      ],
      "engines": {
        "node": ">=26"
      }
    },
    "apps/backend": {
      "name": "@recobid/backend",
      "version": "0.1.0"
    },
    "apps/web": {
      "name": "@recobid/web",
      "version": "0.1.0"
    },
    "node_modules/@recobid/backend": {
      "resolved": "apps/backend",
      "link": true
    },
    "node_modules/@recobid/shared": {
      "resolved": "packages/shared",
      "link": true
    },
    "node_modules/@recobid/web": {
      "resolved": "apps/web",
      "link": true
    },
    "node_modules/zod": {
      "version": "4.6.5",
      "resolved": "https://registry.npmjs.org/zod/-/zod-4.6.5.tgz",
      "integrity": "sha512-v5l/aFXZQeai4awLbOpSoHecE9UiMrnfx75tEXLjNonXVARxQ5mOeipTjROUchszUNCqnE+hqAMujRsRHsut2Q==",
      "license": "MIT",
      "funding": {
        "url": "https://github.com/sponsors/colinhacks"
      }
    },
    "packages/shared": {
      "name": "@recobid/shared",
      "version": "0.1.0",
      "dependencies": {
        "zod": "4.6.5"
      }
    }
  }
}
